// !$*UTF8*$!
{
	archiveVersion = 1;
	classes = {
	};
	objectVersion = 51;
	objects = {

/* Begin PBXBuildFile section */
		223AC21A2334D10A00522E1B /* BPPlayerView.swift in Sources */ = {isa = PBXBuildFile; fileRef = 223AC2192334D10A00522E1B /* BPPlayerView.swift */; };
		2256EECB2334704800D1F6AA /* AppDelegate.swift in Sources */ = {isa = PBXBuildFile; fileRef = 2256EECA2334704800D1F6AA /* AppDelegate.swift */; };
		2256EECD2334704800D1F6AA /* ViewController.swift in Sources */ = {isa = PBXBuildFile; fileRef = 2256EECC2334704800D1F6AA /* ViewController.swift */; };
		2256EED02334704800D1F6AA /* Main.storyboard in Resources */ = {isa = PBXBuildFile; fileRef = 2256EECE2334704800D1F6AA /* Main.storyboard */; };
		2256EED22334704900D1F6AA /* Assets.xcassets in Resources */ = {isa = PBXBuildFile; fileRef = 2256EED12334704900D1F6AA /* Assets.xcassets */; };
		2256EED52334704900D1F6AA /* LaunchScreen.storyboard in Resources */ = {isa = PBXBuildFile; fileRef = 2256EED32334704900D1F6AA /* LaunchScreen.storyboard */; };
		22642BB1233B6742004E1DF9 /* FileManager.swift in Sources */ = {isa = PBXBuildFile; fileRef = 22642BB0233B6742004E1DF9 /* FileManager.swift */; };
		22642BC2233B73A0004E1DF9 /* BPBaseButton.swift in Sources */ = {isa = PBXBuildFile; fileRef = 22642BB4233B73A0004E1DF9 /* BPBaseButton.swift */; };
		22642BC3233B73A0004E1DF9 /* BPBaseImageView.swift in Sources */ = {isa = PBXBuildFile; fileRef = 22642BB5233B73A0004E1DF9 /* BPBaseImageView.swift */; };
		22642BC4233B73A0004E1DF9 /* BPTabBar.swift in Sources */ = {isa = PBXBuildFile; fileRef = 22642BB6233B73A0004E1DF9 /* BPTabBar.swift */; };
		22642BC5233B73A0004E1DF9 /* BPNavigationBar.swift in Sources */ = {isa = PBXBuildFile; fileRef = 22642BB7233B73A0004E1DF9 /* BPNavigationBar.swift */; };
		22642BC6233B73A0004E1DF9 /* BPRefreshFooterView.swift in Sources */ = {isa = PBXBuildFile; fileRef = 22642BB9233B73A0004E1DF9 /* BPRefreshFooterView.swift */; };
		22642BC7233B73A0004E1DF9 /* BPBaseRefreshControl.swift in Sources */ = {isa = PBXBuildFile; fileRef = 22642BBA233B73A0004E1DF9 /* BPBaseRefreshControl.swift */; };
		22642BC8233B73A0004E1DF9 /* BPScrollRefreshProtocol.swift in Sources */ = {isa = PBXBuildFile; fileRef = 22642BBB233B73A0004E1DF9 /* BPScrollRefreshProtocol.swift */; };
		22642BC9233B73A0004E1DF9 /* BPRefreshHeaderView.swift in Sources */ = {isa = PBXBuildFile; fileRef = 22642BBC233B73A0004E1DF9 /* BPRefreshHeaderView.swift */; };
		22642BCB233B73A0004E1DF9 /* BPBaseViewController.swift in Sources */ = {isa = PBXBuildFile; fileRef = 22642BBF233B73A0004E1DF9 /* BPBaseViewController.swift */; };
		22642BCC233B73A0004E1DF9 /* BPBaseNavigationController.swift in Sources */ = {isa = PBXBuildFile; fileRef = 22642BC0233B73A0004E1DF9 /* BPBaseNavigationController.swift */; };
		22642BCD233B73A0004E1DF9 /* BPBaseTableViewController.swift in Sources */ = {isa = PBXBuildFile; fileRef = 22642BC1233B73A0004E1DF9 /* BPBaseTableViewController.swift */; };
		22642BF3233B73B7004E1DF9 /* BPTopWindowView.swift in Sources */ = {isa = PBXBuildFile; fileRef = 22642BCF233B73B6004E1DF9 /* BPTopWindowView.swift */; };
		22642BF4233B73B7004E1DF9 /* BPAlerViewTwoButton.swift in Sources */ = {isa = PBXBuildFile; fileRef = 22642BD1233B73B6004E1DF9 /* BPAlerViewTwoButton.swift */; };
		22642BF5233B73B7004E1DF9 /* BPAlertViewImage.swift in Sources */ = {isa = PBXBuildFile; fileRef = 22642BD2233B73B6004E1DF9 /* BPAlertViewImage.swift */; };
		22642BF6233B73B7004E1DF9 /* BPAlertViewZeroButton.swift in Sources */ = {isa = PBXBuildFile; fileRef = 22642BD3233B73B6004E1DF9 /* BPAlertViewZeroButton.swift */; };
		22642BF7233B73B7004E1DF9 /* BPAlertManager.swift in Sources */ = {isa = PBXBuildFile; fileRef = 22642BD4233B73B6004E1DF9 /* BPAlertManager.swift */; };
		22642BF8233B73B7004E1DF9 /* BPBaseAlertView.swift in Sources */ = {isa = PBXBuildFile; fileRef = 22642BD5233B73B6004E1DF9 /* BPBaseAlertView.swift */; };
		22642BF9233B73B7004E1DF9 /* BPAlertViewOneButton.swift in Sources */ = {isa = PBXBuildFile; fileRef = 22642BD6233B73B6004E1DF9 /* BPAlertViewOneButton.swift */; };
		22642BFA233B73B7004E1DF9 /* UIDevice+Extension.swift in Sources */ = {isa = PBXBuildFile; fileRef = 22642BD8233B73B7004E1DF9 /* UIDevice+Extension.swift */; };
		22642BFB233B73B7004E1DF9 /* UIFont+Extension.swift in Sources */ = {isa = PBXBuildFile; fileRef = 22642BD9233B73B7004E1DF9 /* UIFont+Extension.swift */; };
		22642BFC233B73B7004E1DF9 /* UIColor+Extension.swift in Sources */ = {isa = PBXBuildFile; fileRef = 22642BDA233B73B7004E1DF9 /* UIColor+Extension.swift */; };
		22642BFD233B73B7004E1DF9 /* Date+Extension.swift in Sources */ = {isa = PBXBuildFile; fileRef = 22642BDB233B73B7004E1DF9 /* Date+Extension.swift */; };
		22642BFE233B73B7004E1DF9 /* Error+Extension.swift in Sources */ = {isa = PBXBuildFile; fileRef = 22642BDC233B73B7004E1DF9 /* Error+Extension.swift */; };
		22642BFF233B73B7004E1DF9 /* UIView+Extension.swift in Sources */ = {isa = PBXBuildFile; fileRef = 22642BDD233B73B7004E1DF9 /* UIView+Extension.swift */; };
		22642C00233B73B7004E1DF9 /* UIImage+Extension.swift in Sources */ = {isa = PBXBuildFile; fileRef = 22642BDE233B73B7004E1DF9 /* UIImage+Extension.swift */; };
		22642C01233B73B7004E1DF9 /* UINavigationController+Extension.swift in Sources */ = {isa = PBXBuildFile; fileRef = 22642BDF233B73B7004E1DF9 /* UINavigationController+Extension.swift */; };
		22642C02233B73B7004E1DF9 /* UserDefault+Extension.swift in Sources */ = {isa = PBXBuildFile; fileRef = 22642BE0233B73B7004E1DF9 /* UserDefault+Extension.swift */; };
		22642C03233B73B7004E1DF9 /* Bundle+Extension.swift in Sources */ = {isa = PBXBuildFile; fileRef = 22642BE1233B73B7004E1DF9 /* Bundle+Extension.swift */; };
		22642C04233B73B7004E1DF9 /* NSArray+CrashDefender.m in Sources */ = {isa = PBXBuildFile; fileRef = 22642BE2233B73B7004E1DF9 /* NSArray+CrashDefender.m */; };
		22642C05233B73B7004E1DF9 /* YYBaseViewController+CustomNavigationBar.swift in Sources */ = {isa = PBXBuildFile; fileRef = 22642BE3233B73B7004E1DF9 /* YYBaseViewController+CustomNavigationBar.swift */; };
		22642C06233B73B7004E1DF9 /* UIViewController+Extension.swift in Sources */ = {isa = PBXBuildFile; fileRef = 22642BE4233B73B7004E1DF9 /* UIViewController+Extension.swift */; };
		22642C07233B73B7004E1DF9 /* NSObject+CrashDefender.m in Sources */ = {isa = PBXBuildFile; fileRef = 22642BE5233B73B7004E1DF9 /* NSObject+CrashDefender.m */; };
		22642C08233B73B7004E1DF9 /* String+Extension.swift in Sources */ = {isa = PBXBuildFile; fileRef = 22642BE6233B73B7004E1DF9 /* String+Extension.swift */; };
		22642C09233B73B7004E1DF9 /* BPAuthoriationManager.swift in Sources */ = {isa = PBXBuildFile; fileRef = 22642BE8233B73B7004E1DF9 /* BPAuthoriationManager.swift */; };
		22642C0A233B73B7004E1DF9 /* SAMKeychain+Extension.swift in Sources */ = {isa = PBXBuildFile; fileRef = 22642BE9233B73B7004E1DF9 /* SAMKeychain+Extension.swift */; };
		22642C0B233B73B7004E1DF9 /* CALayer+Extension.swift in Sources */ = {isa = PBXBuildFile; fileRef = 22642BEA233B73B7004E1DF9 /* CALayer+Extension.swift */; };
		22642C0C233B73B7004E1DF9 /* AppDelegate+Extension.swift in Sources */ = {isa = PBXBuildFile; fileRef = 22642BEB233B73B7004E1DF9 /* AppDelegate+Extension.swift */; };
		22642C0D233B73B7004E1DF9 /* IconFontString.swift in Sources */ = {isa = PBXBuildFile; fileRef = 22642BEE233B73B7004E1DF9 /* IconFontString.swift */; };
		22642C0E233B73B7004E1DF9 /* YYGlobal.swift in Sources */ = {isa = PBXBuildFile; fileRef = 22642BF0233B73B7004E1DF9 /* YYGlobal.swift */; };
		22642C0F233B73B7004E1DF9 /* NotificationNameGlobal.swift in Sources */ = {isa = PBXBuildFile; fileRef = 22642BF1233B73B7004E1DF9 /* NotificationNameGlobal.swift */; };
		22642C10233B73B7004E1DF9 /* DeviceInfoGlobal.swift in Sources */ = {isa = PBXBuildFile; fileRef = 22642BF2233B73B7004E1DF9 /* DeviceInfoGlobal.swift */; };
		22642C1A233E3AF3004E1DF9 /* PlayerManager.swift in Sources */ = {isa = PBXBuildFile; fileRef = 22642C19233E3AF3004E1DF9 /* PlayerManager.swift */; };
		22A6B1A92340482F00959906 /* BPFileModel.swift in Sources */ = {isa = PBXBuildFile; fileRef = 22A6B1A82340482F00959906 /* BPFileModel.swift */; };
		3244383DDFF3ACE42862E13D /* Pods_AVPlayerDemo.framework in Frameworks */ = {isa = PBXBuildFile; fileRef = 3C98A338DAB6E29F6606F31A /* Pods_AVPlayerDemo.framework */; };
		CF858D102340F40F0091C018 /* FileTableViewCell.swift in Sources */ = {isa = PBXBuildFile; fileRef = CF858D0F2340F40F0091C018 /* FileTableViewCell.swift */; };
		CF858D122340FAA20091C018 /* iconfont.ttf in Resources */ = {isa = PBXBuildFile; fileRef = CF858D112340FAA20091C018 /* iconfont.ttf */; };
/* End PBXBuildFile section */

/* Begin PBXFileReference section */
		223AC2192334D10A00522E1B /* BPPlayerView.swift */ = {isa = PBXFileReference; lastKnownFileType = sourcecode.swift; path = BPPlayerView.swift; sourceTree = "<group>"; };
		2256EEC72334704800D1F6AA /* AVPlayerDemo.app */ = {isa = PBXFileReference; explicitFileType = wrapper.application; includeInIndex = 0; path = AVPlayerDemo.app; sourceTree = BUILT_PRODUCTS_DIR; };
		2256EECA2334704800D1F6AA /* AppDelegate.swift */ = {isa = PBXFileReference; lastKnownFileType = sourcecode.swift; path = AppDelegate.swift; sourceTree = "<group>"; };
		2256EECC2334704800D1F6AA /* ViewController.swift */ = {isa = PBXFileReference; lastKnownFileType = sourcecode.swift; path = ViewController.swift; sourceTree = "<group>"; };
		2256EECF2334704800D1F6AA /* Base */ = {isa = PBXFileReference; lastKnownFileType = file.storyboard; name = Base; path = Base.lproj/Main.storyboard; sourceTree = "<group>"; };
		2256EED12334704900D1F6AA /* Assets.xcassets */ = {isa = PBXFileReference; lastKnownFileType = folder.assetcatalog; path = Assets.xcassets; sourceTree = "<group>"; };
		2256EED42334704900D1F6AA /* Base */ = {isa = PBXFileReference; lastKnownFileType = file.storyboard; name = Base; path = Base.lproj/LaunchScreen.storyboard; sourceTree = "<group>"; };
		2256EED62334704900D1F6AA /* Info.plist */ = {isa = PBXFileReference; lastKnownFileType = text.plist.xml; path = Info.plist; sourceTree = "<group>"; };
		22642BB0233B6742004E1DF9 /* FileManager.swift */ = {isa = PBXFileReference; lastKnownFileType = sourcecode.swift; path = FileManager.swift; sourceTree = "<group>"; };
		22642BB4233B73A0004E1DF9 /* BPBaseButton.swift */ = {isa = PBXFileReference; fileEncoding = 4; lastKnownFileType = sourcecode.swift; path = BPBaseButton.swift; sourceTree = "<group>"; };
		22642BB5233B73A0004E1DF9 /* BPBaseImageView.swift */ = {isa = PBXFileReference; fileEncoding = 4; lastKnownFileType = sourcecode.swift; path = BPBaseImageView.swift; sourceTree = "<group>"; };
		22642BB6233B73A0004E1DF9 /* BPTabBar.swift */ = {isa = PBXFileReference; fileEncoding = 4; lastKnownFileType = sourcecode.swift; path = BPTabBar.swift; sourceTree = "<group>"; };
		22642BB7233B73A0004E1DF9 /* BPNavigationBar.swift */ = {isa = PBXFileReference; fileEncoding = 4; lastKnownFileType = sourcecode.swift; path = BPNavigationBar.swift; sourceTree = "<group>"; };
		22642BB9233B73A0004E1DF9 /* BPRefreshFooterView.swift */ = {isa = PBXFileReference; fileEncoding = 4; lastKnownFileType = sourcecode.swift; path = BPRefreshFooterView.swift; sourceTree = "<group>"; };
		22642BBA233B73A0004E1DF9 /* BPBaseRefreshControl.swift */ = {isa = PBXFileReference; fileEncoding = 4; lastKnownFileType = sourcecode.swift; path = BPBaseRefreshControl.swift; sourceTree = "<group>"; };
		22642BBB233B73A0004E1DF9 /* BPScrollRefreshProtocol.swift */ = {isa = PBXFileReference; fileEncoding = 4; lastKnownFileType = sourcecode.swift; path = BPScrollRefreshProtocol.swift; sourceTree = "<group>"; };
		22642BBC233B73A0004E1DF9 /* BPRefreshHeaderView.swift */ = {isa = PBXFileReference; fileEncoding = 4; lastKnownFileType = sourcecode.swift; path = BPRefreshHeaderView.swift; sourceTree = "<group>"; };
		22642BBF233B73A0004E1DF9 /* BPBaseViewController.swift */ = {isa = PBXFileReference; fileEncoding = 4; lastKnownFileType = sourcecode.swift; path = BPBaseViewController.swift; sourceTree = "<group>"; };
		22642BC0233B73A0004E1DF9 /* BPBaseNavigationController.swift */ = {isa = PBXFileReference; fileEncoding = 4; lastKnownFileType = sourcecode.swift; path = BPBaseNavigationController.swift; sourceTree = "<group>"; };
		22642BC1233B73A0004E1DF9 /* BPBaseTableViewController.swift */ = {isa = PBXFileReference; fileEncoding = 4; lastKnownFileType = sourcecode.swift; path = BPBaseTableViewController.swift; sourceTree = "<group>"; };
		22642BCF233B73B6004E1DF9 /* BPTopWindowView.swift */ = {isa = PBXFileReference; fileEncoding = 4; lastKnownFileType = sourcecode.swift; path = BPTopWindowView.swift; sourceTree = "<group>"; };
		22642BD1233B73B6004E1DF9 /* BPAlerViewTwoButton.swift */ = {isa = PBXFileReference; fileEncoding = 4; lastKnownFileType = sourcecode.swift; path = BPAlerViewTwoButton.swift; sourceTree = "<group>"; };
		22642BD2233B73B6004E1DF9 /* BPAlertViewImage.swift */ = {isa = PBXFileReference; fileEncoding = 4; lastKnownFileType = sourcecode.swift; path = BPAlertViewImage.swift; sourceTree = "<group>"; };
		22642BD3233B73B6004E1DF9 /* BPAlertViewZeroButton.swift */ = {isa = PBXFileReference; fileEncoding = 4; lastKnownFileType = sourcecode.swift; path = BPAlertViewZeroButton.swift; sourceTree = "<group>"; };
		22642BD4233B73B6004E1DF9 /* BPAlertManager.swift */ = {isa = PBXFileReference; fileEncoding = 4; lastKnownFileType = sourcecode.swift; path = BPAlertManager.swift; sourceTree = "<group>"; };
		22642BD5233B73B6004E1DF9 /* BPBaseAlertView.swift */ = {isa = PBXFileReference; fileEncoding = 4; lastKnownFileType = sourcecode.swift; path = BPBaseAlertView.swift; sourceTree = "<group>"; };
		22642BD6233B73B6004E1DF9 /* BPAlertViewOneButton.swift */ = {isa = PBXFileReference; fileEncoding = 4; lastKnownFileType = sourcecode.swift; path = BPAlertViewOneButton.swift; sourceTree = "<group>"; };
		22642BD8233B73B7004E1DF9 /* UIDevice+Extension.swift */ = {isa = PBXFileReference; fileEncoding = 4; lastKnownFileType = sourcecode.swift; path = "UIDevice+Extension.swift"; sourceTree = "<group>"; };
		22642BD9233B73B7004E1DF9 /* UIFont+Extension.swift */ = {isa = PBXFileReference; fileEncoding = 4; lastKnownFileType = sourcecode.swift; path = "UIFont+Extension.swift"; sourceTree = "<group>"; };
		22642BDA233B73B7004E1DF9 /* UIColor+Extension.swift */ = {isa = PBXFileReference; fileEncoding = 4; lastKnownFileType = sourcecode.swift; path = "UIColor+Extension.swift"; sourceTree = "<group>"; };
		22642BDB233B73B7004E1DF9 /* Date+Extension.swift */ = {isa = PBXFileReference; fileEncoding = 4; lastKnownFileType = sourcecode.swift; path = "Date+Extension.swift"; sourceTree = "<group>"; };
		22642BDC233B73B7004E1DF9 /* Error+Extension.swift */ = {isa = PBXFileReference; fileEncoding = 4; lastKnownFileType = sourcecode.swift; path = "Error+Extension.swift"; sourceTree = "<group>"; };
		22642BDD233B73B7004E1DF9 /* UIView+Extension.swift */ = {isa = PBXFileReference; fileEncoding = 4; lastKnownFileType = sourcecode.swift; path = "UIView+Extension.swift"; sourceTree = "<group>"; };
		22642BDE233B73B7004E1DF9 /* UIImage+Extension.swift */ = {isa = PBXFileReference; fileEncoding = 4; lastKnownFileType = sourcecode.swift; path = "UIImage+Extension.swift"; sourceTree = "<group>"; };
		22642BDF233B73B7004E1DF9 /* UINavigationController+Extension.swift */ = {isa = PBXFileReference; fileEncoding = 4; lastKnownFileType = sourcecode.swift; path = "UINavigationController+Extension.swift"; sourceTree = "<group>"; };
		22642BE0233B73B7004E1DF9 /* UserDefault+Extension.swift */ = {isa = PBXFileReference; fileEncoding = 4; lastKnownFileType = sourcecode.swift; path = "UserDefault+Extension.swift"; sourceTree = "<group>"; };
		22642BE1233B73B7004E1DF9 /* Bundle+Extension.swift */ = {isa = PBXFileReference; fileEncoding = 4; lastKnownFileType = sourcecode.swift; path = "Bundle+Extension.swift"; sourceTree = "<group>"; };
		22642BE2233B73B7004E1DF9 /* NSArray+CrashDefender.m */ = {isa = PBXFileReference; fileEncoding = 4; lastKnownFileType = sourcecode.c.objc; path = "NSArray+CrashDefender.m"; sourceTree = "<group>"; };
		22642BE3233B73B7004E1DF9 /* YYBaseViewController+CustomNavigationBar.swift */ = {isa = PBXFileReference; fileEncoding = 4; lastKnownFileType = sourcecode.swift; path = "YYBaseViewController+CustomNavigationBar.swift"; sourceTree = "<group>"; };
		22642BE4233B73B7004E1DF9 /* UIViewController+Extension.swift */ = {isa = PBXFileReference; fileEncoding = 4; lastKnownFileType = sourcecode.swift; path = "UIViewController+Extension.swift"; sourceTree = "<group>"; };
		22642BE5233B73B7004E1DF9 /* NSObject+CrashDefender.m */ = {isa = PBXFileReference; fileEncoding = 4; lastKnownFileType = sourcecode.c.objc; path = "NSObject+CrashDefender.m"; sourceTree = "<group>"; };
		22642BE6233B73B7004E1DF9 /* String+Extension.swift */ = {isa = PBXFileReference; fileEncoding = 4; lastKnownFileType = sourcecode.swift; path = "String+Extension.swift"; sourceTree = "<group>"; };
		22642BE7233B73B7004E1DF9 /* NSObject+CrashDefender.h */ = {isa = PBXFileReference; fileEncoding = 4; lastKnownFileType = sourcecode.c.h; path = "NSObject+CrashDefender.h"; sourceTree = "<group>"; };
		22642BE8233B73B7004E1DF9 /* BPAuthoriationManager.swift */ = {isa = PBXFileReference; fileEncoding = 4; lastKnownFileType = sourcecode.swift; path = BPAuthoriationManager.swift; sourceTree = "<group>"; };
		22642BE9233B73B7004E1DF9 /* SAMKeychain+Extension.swift */ = {isa = PBXFileReference; fileEncoding = 4; lastKnownFileType = sourcecode.swift; path = "SAMKeychain+Extension.swift"; sourceTree = "<group>"; };
		22642BEA233B73B7004E1DF9 /* CALayer+Extension.swift */ = {isa = PBXFileReference; fileEncoding = 4; lastKnownFileType = sourcecode.swift; path = "CALayer+Extension.swift"; sourceTree = "<group>"; };
		22642BEB233B73B7004E1DF9 /* AppDelegate+Extension.swift */ = {isa = PBXFileReference; fileEncoding = 4; lastKnownFileType = sourcecode.swift; path = "AppDelegate+Extension.swift"; sourceTree = "<group>"; };
		22642BEC233B73B7004E1DF9 /* NSArray+CrashDefender.h */ = {isa = PBXFileReference; fileEncoding = 4; lastKnownFileType = sourcecode.c.h; path = "NSArray+CrashDefender.h"; sourceTree = "<group>"; };
		22642BEE233B73B7004E1DF9 /* IconFontString.swift */ = {isa = PBXFileReference; fileEncoding = 4; lastKnownFileType = sourcecode.swift; path = IconFontString.swift; sourceTree = "<group>"; };
		22642BF0233B73B7004E1DF9 /* YYGlobal.swift */ = {isa = PBXFileReference; fileEncoding = 4; lastKnownFileType = sourcecode.swift; path = YYGlobal.swift; sourceTree = "<group>"; };
		22642BF1233B73B7004E1DF9 /* NotificationNameGlobal.swift */ = {isa = PBXFileReference; fileEncoding = 4; lastKnownFileType = sourcecode.swift; path = NotificationNameGlobal.swift; sourceTree = "<group>"; };
		22642BF2233B73B7004E1DF9 /* DeviceInfoGlobal.swift */ = {isa = PBXFileReference; fileEncoding = 4; lastKnownFileType = sourcecode.swift; path = DeviceInfoGlobal.swift; sourceTree = "<group>"; };
		22642C19233E3AF3004E1DF9 /* PlayerManager.swift */ = {isa = PBXFileReference; fileEncoding = 4; lastKnownFileType = sourcecode.swift; path = PlayerManager.swift; sourceTree = "<group>"; };
		22A6B1A82340482F00959906 /* BPFileModel.swift */ = {isa = PBXFileReference; lastKnownFileType = sourcecode.swift; path = BPFileModel.swift; sourceTree = "<group>"; };
		22A6B1AA23419CEF00959906 /* AVPlayerDemo.entitlements */ = {isa = PBXFileReference; lastKnownFileType = text.plist.entitlements; path = AVPlayerDemo.entitlements; sourceTree = "<group>"; };
		3C98A338DAB6E29F6606F31A /* Pods_AVPlayerDemo.framework */ = {isa = PBXFileReference; explicitFileType = wrapper.framework; includeInIndex = 0; path = Pods_AVPlayerDemo.framework; sourceTree = BUILT_PRODUCTS_DIR; };
		C643D18768B2843763DF9843 /* Pods-AVPlayerDemo.debug.xcconfig */ = {isa = PBXFileReference; includeInIndex = 1; lastKnownFileType = text.xcconfig; name = "Pods-AVPlayerDemo.debug.xcconfig"; path = "Target Support Files/Pods-AVPlayerDemo/Pods-AVPlayerDemo.debug.xcconfig"; sourceTree = "<group>"; };
		CF858D0F2340F40F0091C018 /* FileTableViewCell.swift */ = {isa = PBXFileReference; lastKnownFileType = sourcecode.swift; path = FileTableViewCell.swift; sourceTree = "<group>"; };
		CF858D112340FAA20091C018 /* iconfont.ttf */ = {isa = PBXFileReference; lastKnownFileType = file; path = iconfont.ttf; sourceTree = "<group>"; };
		F56752D6E7E1E641EC000996 /* Pods-AVPlayerDemo.release.xcconfig */ = {isa = PBXFileReference; includeInIndex = 1; lastKnownFileType = text.xcconfig; name = "Pods-AVPlayerDemo.release.xcconfig"; path = "Target Support Files/Pods-AVPlayerDemo/Pods-AVPlayerDemo.release.xcconfig"; sourceTree = "<group>"; };
/* End PBXFileReference section */

/* Begin PBXFrameworksBuildPhase section */
		2256EEC42334704800D1F6AA /* Frameworks */ = {
			isa = PBXFrameworksBuildPhase;
			buildActionMask = 2147483647;
			files = (
				3244383DDFF3ACE42862E13D /* Pods_AVPlayerDemo.framework in Frameworks */,
			);
			runOnlyForDeploymentPostprocessing = 0;
		};
/* End PBXFrameworksBuildPhase section */

/* Begin PBXGroup section */
		038B6B6B03F0B03604C1C195 /* Frameworks */ = {
			isa = PBXGroup;
			children = (
				3C98A338DAB6E29F6606F31A /* Pods_AVPlayerDemo.framework */,
			);
			name = Frameworks;
			sourceTree = "<group>";
		};
		19609D9EF476D22068478DC1 /* Pods */ = {
			isa = PBXGroup;
			children = (
				C643D18768B2843763DF9843 /* Pods-AVPlayerDemo.debug.xcconfig */,
				F56752D6E7E1E641EC000996 /* Pods-AVPlayerDemo.release.xcconfig */,
			);
			path = Pods;
			sourceTree = "<group>";
		};
		2256EEBE2334704800D1F6AA = {
			isa = PBXGroup;
			children = (
				2256EEC92334704800D1F6AA /* AVPlayerDemo */,
				2256EEC82334704800D1F6AA /* Products */,
				19609D9EF476D22068478DC1 /* Pods */,
				038B6B6B03F0B03604C1C195 /* Frameworks */,
			);
			sourceTree = "<group>";
		};
		2256EEC82334704800D1F6AA /* Products */ = {
			isa = PBXGroup;
			children = (
				2256EEC72334704800D1F6AA /* AVPlayerDemo.app */,
			);
			name = Products;
			sourceTree = "<group>";
		};
		2256EEC92334704800D1F6AA /* AVPlayerDemo */ = {
			isa = PBXGroup;
			children = (
				22A6B1AA23419CEF00959906 /* AVPlayerDemo.entitlements */,
				22642C11233DB210004E1DF9 /* Resource */,
				22642BED233B73B7004E1DF9 /* Config */,
				22642BD7233B73B7004E1DF9 /* Extension */,
				22642BCE233B73B6004E1DF9 /* Utils */,
				22642BB2233B73A0004E1DF9 /* Base */,
				22642BAD233B6514004E1DF9 /* DataCenter */,
				2256EECA2334704800D1F6AA /* AppDelegate.swift */,
				2256EECC2334704800D1F6AA /* ViewController.swift */,
				2256EECE2334704800D1F6AA /* Main.storyboard */,
				22642C19233E3AF3004E1DF9 /* PlayerManager.swift */,
				2256EED32334704900D1F6AA /* LaunchScreen.storyboard */,
				223AC2192334D10A00522E1B /* BPPlayerView.swift */,
				CF858D0F2340F40F0091C018 /* FileTableViewCell.swift */,
			);
			path = AVPlayerDemo;
			sourceTree = "<group>";
		};
		22642BAD233B6514004E1DF9 /* DataCenter */ = {
			isa = PBXGroup;
			children = (
				22642BAF233B66C1004E1DF9 /* FileManager */,
			);
			path = DataCenter;
			sourceTree = "<group>";
		};
		22642BAF233B66C1004E1DF9 /* FileManager */ = {
			isa = PBXGroup;
			children = (
				22642BB0233B6742004E1DF9 /* FileManager.swift */,
				22A6B1A82340482F00959906 /* BPFileModel.swift */,
			);
			path = FileManager;
			sourceTree = "<group>";
		};
		22642BB2233B73A0004E1DF9 /* Base */ = {
			isa = PBXGroup;
			children = (
				22642BB3233B73A0004E1DF9 /* BaseView */,
				22642BB8233B73A0004E1DF9 /* RefreshControl */,
				22642BBD233B73A0004E1DF9 /* BaseController */,
			);
			path = Base;
			sourceTree = "<group>";
		};
		22642BB3233B73A0004E1DF9 /* BaseView */ = {
			isa = PBXGroup;
			children = (
				22642BB4233B73A0004E1DF9 /* BPBaseButton.swift */,
				22642BB5233B73A0004E1DF9 /* BPBaseImageView.swift */,
				22642BB6233B73A0004E1DF9 /* BPTabBar.swift */,
				22642BB7233B73A0004E1DF9 /* BPNavigationBar.swift */,
			);
			path = BaseView;
			sourceTree = "<group>";
		};
		22642BB8233B73A0004E1DF9 /* RefreshControl */ = {
			isa = PBXGroup;
			children = (
				22642BB9233B73A0004E1DF9 /* BPRefreshFooterView.swift */,
				22642BBA233B73A0004E1DF9 /* BPBaseRefreshControl.swift */,
				22642BBB233B73A0004E1DF9 /* BPScrollRefreshProtocol.swift */,
				22642BBC233B73A0004E1DF9 /* BPRefreshHeaderView.swift */,
			);
			path = RefreshControl;
			sourceTree = "<group>";
		};
		22642BBD233B73A0004E1DF9 /* BaseController */ = {
			isa = PBXGroup;
			children = (
				22642BBF233B73A0004E1DF9 /* BPBaseViewController.swift */,
				22642BC0233B73A0004E1DF9 /* BPBaseNavigationController.swift */,
				22642BC1233B73A0004E1DF9 /* BPBaseTableViewController.swift */,
			);
			path = BaseController;
			sourceTree = "<group>";
		};
		22642BCE233B73B6004E1DF9 /* Utils */ = {
			isa = PBXGroup;
			children = (
				22642BCF233B73B6004E1DF9 /* BPTopWindowView.swift */,
				22642BD0233B73B6004E1DF9 /* AlertView */,
			);
			path = Utils;
			sourceTree = "<group>";
		};
		22642BD0233B73B6004E1DF9 /* AlertView */ = {
			isa = PBXGroup;
			children = (
				22642BD1233B73B6004E1DF9 /* BPAlerViewTwoButton.swift */,
				22642BD2233B73B6004E1DF9 /* BPAlertViewImage.swift */,
				22642BD3233B73B6004E1DF9 /* BPAlertViewZeroButton.swift */,
				22642BD4233B73B6004E1DF9 /* BPAlertManager.swift */,
				22642BD5233B73B6004E1DF9 /* BPBaseAlertView.swift */,
				22642BD6233B73B6004E1DF9 /* BPAlertViewOneButton.swift */,
			);
			path = AlertView;
			sourceTree = "<group>";
		};
		22642BD7233B73B7004E1DF9 /* Extension */ = {
			isa = PBXGroup;
			children = (
				22642BD8233B73B7004E1DF9 /* UIDevice+Extension.swift */,
				22642BD9233B73B7004E1DF9 /* UIFont+Extension.swift */,
				22642BDA233B73B7004E1DF9 /* UIColor+Extension.swift */,
				22642BDB233B73B7004E1DF9 /* Date+Extension.swift */,
				22642BDC233B73B7004E1DF9 /* Error+Extension.swift */,
				22642BDD233B73B7004E1DF9 /* UIView+Extension.swift */,
				22642BDE233B73B7004E1DF9 /* UIImage+Extension.swift */,
				22642BDF233B73B7004E1DF9 /* UINavigationController+Extension.swift */,
				22642BE0233B73B7004E1DF9 /* UserDefault+Extension.swift */,
				22642BE1233B73B7004E1DF9 /* Bundle+Extension.swift */,
				22642BE2233B73B7004E1DF9 /* NSArray+CrashDefender.m */,
				22642BE3233B73B7004E1DF9 /* YYBaseViewController+CustomNavigationBar.swift */,
				22642BE4233B73B7004E1DF9 /* UIViewController+Extension.swift */,
				22642BE5233B73B7004E1DF9 /* NSObject+CrashDefender.m */,
				22642BE6233B73B7004E1DF9 /* String+Extension.swift */,
				22642BE7233B73B7004E1DF9 /* NSObject+CrashDefender.h */,
				22642BE8233B73B7004E1DF9 /* BPAuthoriationManager.swift */,
				22642BE9233B73B7004E1DF9 /* SAMKeychain+Extension.swift */,
				22642BEA233B73B7004E1DF9 /* CALayer+Extension.swift */,
				22642BEB233B73B7004E1DF9 /* AppDelegate+Extension.swift */,
				22642BEC233B73B7004E1DF9 /* NSArray+CrashDefender.h */,
			);
			path = Extension;
			sourceTree = "<group>";
		};
		22642BED233B73B7004E1DF9 /* Config */ = {
			isa = PBXGroup;
			children = (
				22642BEE233B73B7004E1DF9 /* IconFontString.swift */,
				22642BEF233B73B7004E1DF9 /* Global */,
			);
			path = Config;
			sourceTree = "<group>";
		};
		22642BEF233B73B7004E1DF9 /* Global */ = {
			isa = PBXGroup;
			children = (
				22642BF0233B73B7004E1DF9 /* YYGlobal.swift */,
				22642BF1233B73B7004E1DF9 /* NotificationNameGlobal.swift */,
				22642BF2233B73B7004E1DF9 /* DeviceInfoGlobal.swift */,
			);
			path = Global;
			sourceTree = "<group>";
		};
		22642C11233DB210004E1DF9 /* Resource */ = {
			isa = PBXGroup;
			children = (
				CF858D112340FAA20091C018 /* iconfont.ttf */,
				2256EED12334704900D1F6AA /* Assets.xcassets */,
				2256EED62334704900D1F6AA /* Info.plist */,
			);
			path = Resource;
			sourceTree = "<group>";
		};
/* End PBXGroup section */

/* Begin PBXNativeTarget section */
		2256EEC62334704800D1F6AA /* AVPlayerDemo */ = {
			isa = PBXNativeTarget;
			buildConfigurationList = 2256EED92334704900D1F6AA /* Build configuration list for PBXNativeTarget "AVPlayerDemo" */;
			buildPhases = (
				499616423019E8CA747C0DDC /* [CP] Check Pods Manifest.lock */,
				2256EEC32334704800D1F6AA /* Sources */,
				2256EEC42334704800D1F6AA /* Frameworks */,
				2256EEC52334704800D1F6AA /* Resources */,
				C2021B7548F75FC77FC23028 /* [CP] Embed Pods Frameworks */,
			);
			buildRules = (
			);
			dependencies = (
			);
			name = AVPlayerDemo;
			productName = AVPlayerDemo;
			productReference = 2256EEC72334704800D1F6AA /* AVPlayerDemo.app */;
			productType = "com.apple.product-type.application";
		};
/* End PBXNativeTarget section */

/* Begin PBXProject section */
		2256EEBF2334704800D1F6AA /* Project object */ = {
			isa = PBXProject;
			attributes = {
				LastSwiftUpdateCheck = 1030;
				LastUpgradeCheck = 1030;
				ORGANIZATIONNAME = "沙庭宇";
				TargetAttributes = {
					2256EEC62334704800D1F6AA = {
						CreatedOnToolsVersion = 10.3;
					};
				};
			};
			buildConfigurationList = 2256EEC22334704800D1F6AA /* Build configuration list for PBXProject "AVPlayerDemo" */;
			compatibilityVersion = "Xcode 9.3";
			developmentRegion = en;
			hasScannedForEncodings = 0;
			knownRegions = (
				en,
				Base,
			);
			mainGroup = 2256EEBE2334704800D1F6AA;
			productRefGroup = 2256EEC82334704800D1F6AA /* Products */;
			projectDirPath = "";
			projectRoot = "";
			targets = (
				2256EEC62334704800D1F6AA /* AVPlayerDemo */,
			);
		};
/* End PBXProject section */

/* Begin PBXResourcesBuildPhase section */
		2256EEC52334704800D1F6AA /* Resources */ = {
			isa = PBXResourcesBuildPhase;
			buildActionMask = 2147483647;
			files = (
				CF858D122340FAA20091C018 /* iconfont.ttf in Resources */,
				2256EED52334704900D1F6AA /* LaunchScreen.storyboard in Resources */,
				2256EED22334704900D1F6AA /* Assets.xcassets in Resources */,
				2256EED02334704800D1F6AA /* Main.storyboard in Resources */,
			);
			runOnlyForDeploymentPostprocessing = 0;
		};
/* End PBXResourcesBuildPhase section */

/* Begin PBXShellScriptBuildPhase section */
		499616423019E8CA747C0DDC /* [CP] Check Pods Manifest.lock */ = {
			isa = PBXShellScriptBuildPhase;
			buildActionMask = 2147483647;
			files = (
			);
			inputFileListPaths = (
			);
			inputPaths = (
				"${PODS_PODFILE_DIR_PATH}/Podfile.lock",
				"${PODS_ROOT}/Manifest.lock",
			);
			name = "[CP] Check Pods Manifest.lock";
			outputFileListPaths = (
			);
			outputPaths = (
				"$(DERIVED_FILE_DIR)/Pods-AVPlayerDemo-checkManifestLockResult.txt",
			);
			runOnlyForDeploymentPostprocessing = 0;
			shellPath = /bin/sh;
			shellScript = "diff \"${PODS_PODFILE_DIR_PATH}/Podfile.lock\" \"${PODS_ROOT}/Manifest.lock\" > /dev/null\nif [ $? != 0 ] ; then\n    # print error to STDERR\n    echo \"error: The sandbox is not in sync with the Podfile.lock. Run 'pod install' or update your CocoaPods installation.\" >&2\n    exit 1\nfi\n# This output is used by Xcode 'outputs' to avoid re-running this script phase.\necho \"SUCCESS\" > \"${SCRIPT_OUTPUT_FILE_0}\"\n";
			showEnvVarsInLog = 0;
		};
		C2021B7548F75FC77FC23028 /* [CP] Embed Pods Frameworks */ = {
			isa = PBXShellScriptBuildPhase;
			buildActionMask = 2147483647;
			files = (
			);
			inputFileListPaths = (
				"${PODS_ROOT}/Target Support Files/Pods-AVPlayerDemo/Pods-AVPlayerDemo-frameworks-${CONFIGURATION}-input-files.xcfilelist",
			);
			name = "[CP] Embed Pods Frameworks";
			outputFileListPaths = (
				"${PODS_ROOT}/Target Support Files/Pods-AVPlayerDemo/Pods-AVPlayerDemo-frameworks-${CONFIGURATION}-output-files.xcfilelist",
			);
			runOnlyForDeploymentPostprocessing = 0;
			shellPath = /bin/sh;
			shellScript = "\"${PODS_ROOT}/Target Support Files/Pods-AVPlayerDemo/Pods-AVPlayerDemo-frameworks.sh\"\n";
			showEnvVarsInLog = 0;
		};
/* End PBXShellScriptBuildPhase section */

/* Begin PBXSourcesBuildPhase section */
		2256EEC32334704800D1F6AA /* Sources */ = {
			isa = PBXSourcesBuildPhase;
			buildActionMask = 2147483647;
			files = (
				22642BF9233B73B7004E1DF9 /* BPAlertViewOneButton.swift in Sources */,
				22642C03233B73B7004E1DF9 /* Bundle+Extension.swift in Sources */,
				22642C0F233B73B7004E1DF9 /* NotificationNameGlobal.swift in Sources */,
				22642C09233B73B7004E1DF9 /* BPAuthoriationManager.swift in Sources */,
				22642BC3233B73A0004E1DF9 /* BPBaseImageView.swift in Sources */,
				22642BF4233B73B7004E1DF9 /* BPAlerViewTwoButton.swift in Sources */,
				22642BFC233B73B7004E1DF9 /* UIColor+Extension.swift in Sources */,
				22642C00233B73B7004E1DF9 /* UIImage+Extension.swift in Sources */,
				22A6B1A92340482F00959906 /* BPFileModel.swift in Sources */,
				22642C0C233B73B7004E1DF9 /* AppDelegate+Extension.swift in Sources */,
				22642C07233B73B7004E1DF9 /* NSObject+CrashDefender.m in Sources */,
				22642BCD233B73A0004E1DF9 /* BPBaseTableViewController.swift in Sources */,
				22642BC7233B73A0004E1DF9 /* BPBaseRefreshControl.swift in Sources */,
				22642BF6233B73B7004E1DF9 /* BPAlertViewZeroButton.swift in Sources */,
				22642BC6233B73A0004E1DF9 /* BPRefreshFooterView.swift in Sources */,
				22642BFE233B73B7004E1DF9 /* Error+Extension.swift in Sources */,
				22642BC5233B73A0004E1DF9 /* BPNavigationBar.swift in Sources */,
				22642BC9233B73A0004E1DF9 /* BPRefreshHeaderView.swift in Sources */,
				22642BB1233B6742004E1DF9 /* FileManager.swift in Sources */,
				22642BFB233B73B7004E1DF9 /* UIFont+Extension.swift in Sources */,
				2256EECD2334704800D1F6AA /* ViewController.swift in Sources */,
				22642BC2233B73A0004E1DF9 /* BPBaseButton.swift in Sources */,
				22642BCC233B73A0004E1DF9 /* BPBaseNavigationController.swift in Sources */,
				22642C08233B73B7004E1DF9 /* String+Extension.swift in Sources */,
				22642C02233B73B7004E1DF9 /* UserDefault+Extension.swift in Sources */,
				2256EECB2334704800D1F6AA /* AppDelegate.swift in Sources */,
				22642C0B233B73B7004E1DF9 /* CALayer+Extension.swift in Sources */,
				22642C0D233B73B7004E1DF9 /* IconFontString.swift in Sources */,
				22642BFF233B73B7004E1DF9 /* UIView+Extension.swift in Sources */,
				22642C06233B73B7004E1DF9 /* UIViewController+Extension.swift in Sources */,
				22642BF7233B73B7004E1DF9 /* BPAlertManager.swift in Sources */,
				22642C1A233E3AF3004E1DF9 /* PlayerManager.swift in Sources */,
				22642BF5233B73B7004E1DF9 /* BPAlertViewImage.swift in Sources */,
				22642C0A233B73B7004E1DF9 /* SAMKeychain+Extension.swift in Sources */,
				22642BFA233B73B7004E1DF9 /* UIDevice+Extension.swift in Sources */,
				22642BCB233B73A0004E1DF9 /* BPBaseViewController.swift in Sources */,
				223AC21A2334D10A00522E1B /* BPPlayerView.swift in Sources */,
				CF858D102340F40F0091C018 /* FileTableViewCell.swift in Sources */,
				22642C0E233B73B7004E1DF9 /* YYGlobal.swift in Sources */,
				22642BC8233B73A0004E1DF9 /* BPScrollRefreshProtocol.swift in Sources */,
				22642C01233B73B7004E1DF9 /* UINavigationController+Extension.swift in Sources */,
				22642BF3233B73B7004E1DF9 /* BPTopWindowView.swift in Sources */,
				22642BFD233B73B7004E1DF9 /* Date+Extension.swift in Sources */,
				22642C05233B73B7004E1DF9 /* YYBaseViewController+CustomNavigationBar.swift in Sources */,
				22642BC4233B73A0004E1DF9 /* BPTabBar.swift in Sources */,
				22642C04233B73B7004E1DF9 /* NSArray+CrashDefender.m in Sources */,
				22642BF8233B73B7004E1DF9 /* BPBaseAlertView.swift in Sources */,
				22642C10233B73B7004E1DF9 /* DeviceInfoGlobal.swift in Sources */,
			);
			runOnlyForDeploymentPostprocessing = 0;
		};
/* End PBXSourcesBuildPhase section */

/* Begin PBXVariantGroup section */
		2256EECE2334704800D1F6AA /* Main.storyboard */ = {
			isa = PBXVariantGroup;
			children = (
				2256EECF2334704800D1F6AA /* Base */,
			);
			name = Main.storyboard;
			sourceTree = "<group>";
		};
		2256EED32334704900D1F6AA /* LaunchScreen.storyboard */ = {
			isa = PBXVariantGroup;
			children = (
				2256EED42334704900D1F6AA /* Base */,
			);
			name = LaunchScreen.storyboard;
			sourceTree = "<group>";
		};
/* End PBXVariantGroup section */

/* Begin XCBuildConfiguration section */
		2256EED72334704900D1F6AA /* Debug */ = {
			isa = XCBuildConfiguration;
			buildSettings = {
				ALWAYS_SEARCH_USER_PATHS = NO;
				CLANG_ANALYZER_NONNULL = YES;
				CLANG_ANALYZER_NUMBER_OBJECT_CONVERSION = YES_AGGRESSIVE;
				CLANG_CXX_LANGUAGE_STANDARD = "gnu++14";
				CLANG_CXX_LIBRARY = "libc++";
				CLANG_ENABLE_MODULES = YES;
				CLANG_ENABLE_OBJC_ARC = YES;
				CLANG_ENABLE_OBJC_WEAK = YES;
				CLANG_WARN_BLOCK_CAPTURE_AUTORELEASING = YES;
				CLANG_WARN_BOOL_CONVERSION = YES;
				CLANG_WARN_COMMA = YES;
				CLANG_WARN_CONSTANT_CONVERSION = YES;
				CLANG_WARN_DEPRECATED_OBJC_IMPLEMENTATIONS = YES;
				CLANG_WARN_DIRECT_OBJC_ISA_USAGE = YES_ERROR;
				CLANG_WARN_DOCUMENTATION_COMMENTS = YES;
				CLANG_WARN_EMPTY_BODY = YES;
				CLANG_WARN_ENUM_CONVERSION = YES;
				CLANG_WARN_INFINITE_RECURSION = YES;
				CLANG_WARN_INT_CONVERSION = YES;
				CLANG_WARN_NON_LITERAL_NULL_CONVERSION = YES;
				CLANG_WARN_OBJC_IMPLICIT_RETAIN_SELF = YES;
				CLANG_WARN_OBJC_LITERAL_CONVERSION = YES;
				CLANG_WARN_OBJC_ROOT_CLASS = YES_ERROR;
				CLANG_WARN_RANGE_LOOP_ANALYSIS = YES;
				CLANG_WARN_STRICT_PROTOTYPES = YES;
				CLANG_WARN_SUSPICIOUS_MOVE = YES;
				CLANG_WARN_UNGUARDED_AVAILABILITY = YES_AGGRESSIVE;
				CLANG_WARN_UNREACHABLE_CODE = YES;
				CLANG_WARN__DUPLICATE_METHOD_MATCH = YES;
				CODE_SIGN_IDENTITY = "iPhone Developer";
				COPY_PHASE_STRIP = NO;
				DEBUG_INFORMATION_FORMAT = dwarf;
				ENABLE_STRICT_OBJC_MSGSEND = YES;
				ENABLE_TESTABILITY = YES;
				GCC_C_LANGUAGE_STANDARD = gnu11;
				GCC_DYNAMIC_NO_PIC = NO;
				GCC_NO_COMMON_BLOCKS = YES;
				GCC_OPTIMIZATION_LEVEL = 0;
				GCC_PREPROCESSOR_DEFINITIONS = (
					"DEBUG=1",
					"$(inherited)",
				);
				GCC_WARN_64_TO_32_BIT_CONVERSION = YES;
				GCC_WARN_ABOUT_RETURN_TYPE = YES_ERROR;
				GCC_WARN_UNDECLARED_SELECTOR = YES;
				GCC_WARN_UNINITIALIZED_AUTOS = YES_AGGRESSIVE;
				GCC_WARN_UNUSED_FUNCTION = YES;
				GCC_WARN_UNUSED_VARIABLE = YES;
				IPHONEOS_DEPLOYMENT_TARGET = 12.4;
				MTL_ENABLE_DEBUG_INFO = INCLUDE_SOURCE;
				MTL_FAST_MATH = YES;
				ONLY_ACTIVE_ARCH = YES;
				SDKROOT = iphoneos;
				SWIFT_ACTIVE_COMPILATION_CONDITIONS = DEBUG;
				SWIFT_OPTIMIZATION_LEVEL = "-Onone";
			};
			name = Debug;
		};
		2256EED82334704900D1F6AA /* Release */ = {
			isa = XCBuildConfiguration;
			buildSettings = {
				ALWAYS_SEARCH_USER_PATHS = NO;
				CLANG_ANALYZER_NONNULL = YES;
				CLANG_ANALYZER_NUMBER_OBJECT_CONVERSION = YES_AGGRESSIVE;
				CLANG_CXX_LANGUAGE_STANDARD = "gnu++14";
				CLANG_CXX_LIBRARY = "libc++";
				CLANG_ENABLE_MODULES = YES;
				CLANG_ENABLE_OBJC_ARC = YES;
				CLANG_ENABLE_OBJC_WEAK = YES;
				CLANG_WARN_BLOCK_CAPTURE_AUTORELEASING = YES;
				CLANG_WARN_BOOL_CONVERSION = YES;
				CLANG_WARN_COMMA = YES;
				CLANG_WARN_CONSTANT_CONVERSION = YES;
				CLANG_WARN_DEPRECATED_OBJC_IMPLEMENTATIONS = YES;
				CLANG_WARN_DIRECT_OBJC_ISA_USAGE = YES_ERROR;
				CLANG_WARN_DOCUMENTATION_COMMENTS = YES;
				CLANG_WARN_EMPTY_BODY = YES;
				CLANG_WARN_ENUM_CONVERSION = YES;
				CLANG_WARN_INFINITE_RECURSION = YES;
				CLANG_WARN_INT_CONVERSION = YES;
				CLANG_WARN_NON_LITERAL_NULL_CONVERSION = YES;
				CLANG_WARN_OBJC_IMPLICIT_RETAIN_SELF = YES;
				CLANG_WARN_OBJC_LITERAL_CONVERSION = YES;
				CLANG_WARN_OBJC_ROOT_CLASS = YES_ERROR;
				CLANG_WARN_RANGE_LOOP_ANALYSIS = YES;
				CLANG_WARN_STRICT_PROTOTYPES = YES;
				CLANG_WARN_SUSPICIOUS_MOVE = YES;
				CLANG_WARN_UNGUARDED_AVAILABILITY = YES_AGGRESSIVE;
				CLANG_WARN_UNREACHABLE_CODE = YES;
				CLANG_WARN__DUPLICATE_METHOD_MATCH = YES;
				CODE_SIGN_IDENTITY = "iPhone Developer";
				COPY_PHASE_STRIP = NO;
				DEBUG_INFORMATION_FORMAT = "dwarf-with-dsym";
				ENABLE_NS_ASSERTIONS = NO;
				ENABLE_STRICT_OBJC_MSGSEND = YES;
				GCC_C_LANGUAGE_STANDARD = gnu11;
				GCC_NO_COMMON_BLOCKS = YES;
				GCC_WARN_64_TO_32_BIT_CONVERSION = YES;
				GCC_WARN_ABOUT_RETURN_TYPE = YES_ERROR;
				GCC_WARN_UNDECLARED_SELECTOR = YES;
				GCC_WARN_UNINITIALIZED_AUTOS = YES_AGGRESSIVE;
				GCC_WARN_UNUSED_FUNCTION = YES;
				GCC_WARN_UNUSED_VARIABLE = YES;
				IPHONEOS_DEPLOYMENT_TARGET = 12.4;
				MTL_ENABLE_DEBUG_INFO = NO;
				MTL_FAST_MATH = YES;
				SDKROOT = iphoneos;
				SWIFT_COMPILATION_MODE = wholemodule;
				SWIFT_OPTIMIZATION_LEVEL = "-O";
				VALIDATE_PRODUCT = YES;
			};
			name = Release;
		};
		2256EEDA2334704900D1F6AA /* Debug */ = {
			isa = XCBuildConfiguration;
			baseConfigurationReference = C643D18768B2843763DF9843 /* Pods-AVPlayerDemo.debug.xcconfig */;
			buildSettings = {
				ASSETCATALOG_COMPILER_APPICON_NAME = AppIcon;
				CODE_SIGN_ENTITLEMENTS = AVPlayerDemo/AVPlayerDemo.entitlements;
				CODE_SIGN_STYLE = Automatic;
				DEVELOPMENT_TEAM = U9HAAL78T3;
				INFOPLIST_FILE = AVPlayerDemo/Resource/Info.plist;
				IPHONEOS_DEPLOYMENT_TARGET = 10.0;
				LD_RUNPATH_SEARCH_PATHS = (
					"$(inherited)",
					"@executable_path/Frameworks",
				);
				PRODUCT_BUNDLE_IDENTIFIER = samOriginal.AVPlayerDemo;
				PRODUCT_NAME = "$(TARGET_NAME)";
				SWIFT_VERSION = 5.0;
				TARGETED_DEVICE_FAMILY = "1,2";
			};
			name = Debug;
		};
		2256EEDB2334704900D1F6AA /* Release */ = {
			isa = XCBuildConfiguration;
			baseConfigurationReference = F56752D6E7E1E641EC000996 /* Pods-AVPlayerDemo.release.xcconfig */;
			buildSettings = {
				ASSETCATALOG_COMPILER_APPICON_NAME = AppIcon;
				CODE_SIGN_ENTITLEMENTS = AVPlayerDemo/AVPlayerDemo.entitlements;
				CODE_SIGN_STYLE = Automatic;
				DEVELOPMENT_TEAM = U9HAAL78T3;
				INFOPLIST_FILE = AVPlayerDemo/Resource/Info.plist;
				IPHONEOS_DEPLOYMENT_TARGET = 10.0;
				LD_RUNPATH_SEARCH_PATHS = (
					"$(inherited)",
					"@executable_path/Frameworks",
				);
				PRODUCT_BUNDLE_IDENTIFIER = samOriginal.AVPlayerDemo;
				PRODUCT_NAME = "$(TARGET_NAME)";
				SWIFT_VERSION = 5.0;
				TARGETED_DEVICE_FAMILY = "1,2";
			};
			name = Release;
		};
/* End XCBuildConfiguration section */

/* Begin XCConfigurationList section */
		2256EEC22334704800D1F6AA /* Build configuration list for PBXProject "AVPlayerDemo" */ = {
			isa = XCConfigurationList;
			buildConfigurations = (
				2256EED72334704900D1F6AA /* Debug */,
				2256EED82334704900D1F6AA /* Release */,
			);
			defaultConfigurationIsVisible = 0;
			defaultConfigurationName = Release;
		};
		2256EED92334704900D1F6AA /* Build configuration list for PBXNativeTarget "AVPlayerDemo" */ = {
			isa = XCConfigurationList;
			buildConfigurations = (
				2256EEDA2334704900D1F6AA /* Debug */,
				2256EEDB2334704900D1F6AA /* Release */,
			);
			defaultConfigurationIsVisible = 0;
			defaultConfigurationName = Release;
		};
/* End XCConfigurationList section */
	};
	rootObject = 2256EEBF2334704800D1F6AA /* Project object */;
}
